# This file is automatically @generated by Wally.
# It is not intended for manual editing.
registry = "test"

[[package]]
name = "chipioindustries/influx-demo"
version = "0.1.0"
dependencies = [["Llama", "chipioindustries/llama@1.2.4"], ["Maid", "chipioindustries/maid@1.0.1"], ["Promise", "evaera/promise@4.0.0"], ["Remotes", "chipioindustries/remotes@1.0.6"], ["ReplicationMiddleware", "chipioindustries/replication-middleware@1.0.0"], ["Roact", "roblox/roact@1.4.4"], ["RoactHooks", "kampfkarren/roact-hooks@0.4.1"], ["RoactRodux", "chipioindustries/roact-rodux@1.0.4"], ["Rodux", "chipioindustries/rodux@3.0.4"], ["RoduxHooks", "solarhorizon/rodux-hooks@0.3.0"], ["Signal", "chipioindustries/signal@1.1.1"], ["Timer", "sleitnick/timer@1.1.2"], ["t", "osyrisrblx/t@3.0.0"]]

[[package]]
name = "chipioindustries/llama"
version = "1.2.4"
dependencies = []

[[package]]
name = "chipioindustries/maid"
version = "1.0.1"
dependencies = [["t", "osyrisrblx/t@3.0.0"]]

[[package]]
name = "chipioindustries/rapscallion"
version = "1.0.4"
dependencies = [["Llama", "freddylist/llama@1.1.1"]]

[[package]]
name = "chipioindustries/remotes"
version = "1.0.6"
dependencies = [["Llama", "freddylist/llama@1.1.1"], ["Rapscallion", "chipioindustries/rapscallion@1.0.4"], ["Signal", "chipioindustries/signal@1.1.1"]]

[[package]]
name = "chipioindustries/replication-middleware"
version = "1.0.0"
dependencies = [["Llama", "freddylist/llama@1.1.1"], ["Remotes", "chipioindustries/remotes@1.0.6"], ["Rodux", "chipioindustries/rodux@3.0.4"]]

[[package]]
name = "chipioindustries/roact-rodux"
version = "1.0.4"
dependencies = [["Roact", "roblox/roact@1.4.4"], ["Rodux", "roblox/rodux@3.0.0"]]

[[package]]
name = "chipioindustries/rodux"
version = "3.0.4"
dependencies = []

[[package]]
name = "chipioindustries/signal"
version = "1.1.1"
dependencies = []

[[package]]
name = "evaera/promise"
version = "4.0.0"
dependencies = []

[[package]]
name = "freddylist/llama"
version = "1.1.1"
dependencies = []

[[package]]
name = "kampfkarren/roact-hooks"
version = "0.4.1"
dependencies = []

[[package]]
name = "osyrisrblx/t"
version = "3.0.0"
dependencies = []

[[package]]
name = "roblox/roact"
version = "1.4.4"
dependencies = []

[[package]]
name = "roblox/rodux"
version = "3.0.0"
dependencies = []

[[package]]
name = "roblox/testez"
version = "0.4.1"
dependencies = []

[[package]]
name = "sleitnick/signal"
version = "1.2.1"
dependencies = []

[[package]]
name = "sleitnick/timer"
version = "1.1.2"
dependencies = [["Signal", "sleitnick/signal@1.2.1"]]

[[package]]
name = "solarhorizon/rodux-hooks"
version = "0.3.0"
dependencies = [["Roact", "roblox/roact@1.4.4"]]
